// !$*UTF8*$!
{
	archiveVersion = 1;
	classes = {
	};
	objectVersion = 50;
	objects = {

/* Begin PBXBuildFile section */
		720C092A24250AF400A2F030 /* ClefableDetail.swift in Sources */ = {isa = PBXBuildFile; fileRef = 720C092924250AF400A2F030 /* ClefableDetail.swift */; };
		720C092C24250B4500A2F030 /* SnorlaxDetail.swift in Sources */ = {isa = PBXBuildFile; fileRef = 720C092B24250B4500A2F030 /* SnorlaxDetail.swift */; };
		720C092E24250B6C00A2F030 /* CresseliaDetail.swift in Sources */ = {isa = PBXBuildFile; fileRef = 720C092D24250B6C00A2F030 /* CresseliaDetail.swift */; };
		720C093024250D5300A2F030 /* DialgaDetail.swift in Sources */ = {isa = PBXBuildFile; fileRef = 720C092F24250D5300A2F030 /* DialgaDetail.swift */; };
		720C093224250D6700A2F030 /* TogekissDetail.swift in Sources */ = {isa = PBXBuildFile; fileRef = 720C093124250D6700A2F030 /* TogekissDetail.swift */; };
		720C093424250D7D00A2F030 /* SwampertDetail.swift in Sources */ = {isa = PBXBuildFile; fileRef = 720C093324250D7D00A2F030 /* SwampertDetail.swift */; };
		72412D5D2421092B00EB8D35 /* AltariaView.swift in Sources */ = {isa = PBXBuildFile; fileRef = 72412D5C2421092B00EB8D35 /* AltariaView.swift */; };
		72412D5F242109FF00EB8D35 /* WhiscashView.swift in Sources */ = {isa = PBXBuildFile; fileRef = 72412D5E242109FF00EB8D35 /* WhiscashView.swift */; };
		72986D0B241DFE57000AA6F5 /* AppDelegate.swift in Sources */ = {isa = PBXBuildFile; fileRef = 72986D0A241DFE57000AA6F5 /* AppDelegate.swift */; };
		72986D0D241DFE57000AA6F5 /* SceneDelegate.swift in Sources */ = {isa = PBXBuildFile; fileRef = 72986D0C241DFE57000AA6F5 /* SceneDelegate.swift */; };
		72986D0F241DFE57000AA6F5 /* ContentView.swift in Sources */ = {isa = PBXBuildFile; fileRef = 72986D0E241DFE57000AA6F5 /* ContentView.swift */; };
		72986D11241DFE58000AA6F5 /* Assets.xcassets in Resources */ = {isa = PBXBuildFile; fileRef = 72986D10241DFE58000AA6F5 /* Assets.xcassets */; };
		72986D14241DFE58000AA6F5 /* Preview Assets.xcassets in Resources */ = {isa = PBXBuildFile; fileRef = 72986D13241DFE58000AA6F5 /* Preview Assets.xcassets */; };
		72986D17241DFE58000AA6F5 /* LaunchScreen.storyboard in Resources */ = {isa = PBXBuildFile; fileRef = 72986D15241DFE58000AA6F5 /* LaunchScreen.storyboard */; };
		72986D1F241E0235000AA6F5 /* GreatView.swift in Sources */ = {isa = PBXBuildFile; fileRef = 72986D1E241E0235000AA6F5 /* GreatView.swift */; };
		72986D21241E0A0F000AA6F5 /* UltraView.swift in Sources */ = {isa = PBXBuildFile; fileRef = 72986D20241E0A0F000AA6F5 /* UltraView.swift */; };
		72986D23241E0A8B000AA6F5 /* MasterView.swift in Sources */ = {isa = PBXBuildFile; fileRef = 72986D22241E0A8B000AA6F5 /* MasterView.swift */; };
		72986D25241E12A1000AA6F5 /* BackgroundView.swift in Sources */ = {isa = PBXBuildFile; fileRef = 72986D24241E12A1000AA6F5 /* BackgroundView.swift */; };
		72986D27241E55C3000AA6F5 /* GreatDetail.swift in Sources */ = {isa = PBXBuildFile; fileRef = 72986D26241E55C3000AA6F5 /* GreatDetail.swift */; };
		72986D29241E5ABE000AA6F5 /* UltraDetail.swift in Sources */ = {isa = PBXBuildFile; fileRef = 72986D28241E5ABE000AA6F5 /* UltraDetail.swift */; };
		72986D2B241E5AD8000AA6F5 /* MasterDetail.swift in Sources */ = {isa = PBXBuildFile; fileRef = 72986D2A241E5AD8000AA6F5 /* MasterDetail.swift */; };
		72B1DB5D24224EAF00BE0BED /* PokemonItem.swift in Sources */ = {isa = PBXBuildFile; fileRef = 72B1DB5C24224EAF00BE0BED /* PokemonItem.swift */; };
		72B1DB5F2422510D00BE0BED /* ItemRow.swift in Sources */ = {isa = PBXBuildFile; fileRef = 72B1DB5E2422510D00BE0BED /* ItemRow.swift */; };
		72FD189C241FBA2E002C2080 /* AzumarillDetail.swift in Sources */ = {isa = PBXBuildFile; fileRef = 72FD189B241FBA2E002C2080 /* AzumarillDetail.swift */; };
/* End PBXBuildFile section */

/* Begin PBXFileReference section */
		720C092924250AF400A2F030 /* ClefableDetail.swift */ = {isa = PBXFileReference; lastKnownFileType = sourcecode.swift; path = ClefableDetail.swift; sourceTree = "<group>"; };
		720C092B24250B4500A2F030 /* SnorlaxDetail.swift */ = {isa = PBXFileReference; lastKnownFileType = sourcecode.swift; path = SnorlaxDetail.swift; sourceTree = "<group>"; };
		720C092D24250B6C00A2F030 /* CresseliaDetail.swift */ = {isa = PBXFileReference; lastKnownFileType = sourcecode.swift; path = CresseliaDetail.swift; sourceTree = "<group>"; };
		720C092F24250D5300A2F030 /* DialgaDetail.swift */ = {isa = PBXFileReference; lastKnownFileType = sourcecode.swift; path = DialgaDetail.swift; sourceTree = "<group>"; };
		720C093124250D6700A2F030 /* TogekissDetail.swift */ = {isa = PBXFileReference; lastKnownFileType = sourcecode.swift; path = TogekissDetail.swift; sourceTree = "<group>"; };
		720C093324250D7D00A2F030 /* SwampertDetail.swift */ = {isa = PBXFileReference; lastKnownFileType = sourcecode.swift; path = SwampertDetail.swift; sourceTree = "<group>"; };
		72412D5C2421092B00EB8D35 /* AltariaView.swift */ = {isa = PBXFileReference; lastKnownFileType = sourcecode.swift; path = AltariaView.swift; sourceTree = "<group>"; };
		72412D5E242109FF00EB8D35 /* WhiscashView.swift */ = {isa = PBXFileReference; lastKnownFileType = sourcecode.swift; path = WhiscashView.swift; sourceTree = "<group>"; };
		72986D07241DFE57000AA6F5 /* Pokemon.app */ = {isa = PBXFileReference; explicitFileType = wrapper.application; includeInIndex = 0; path = Pokemon.app; sourceTree = BUILT_PRODUCTS_DIR; };
		72986D0A241DFE57000AA6F5 /* AppDelegate.swift */ = {isa = PBXFileReference; lastKnownFileType = sourcecode.swift; path = AppDelegate.swift; sourceTree = "<group>"; };
		72986D0C241DFE57000AA6F5 /* SceneDelegate.swift */ = {isa = PBXFileReference; lastKnownFileType = sourcecode.swift; path = SceneDelegate.swift; sourceTree = "<group>"; };
		72986D0E241DFE57000AA6F5 /* ContentView.swift */ = {isa = PBXFileReference; lastKnownFileType = sourcecode.swift; path = ContentView.swift; sourceTree = "<group>"; };
		72986D10241DFE58000AA6F5 /* Assets.xcassets */ = {isa = PBXFileReference; lastKnownFileType = folder.assetcatalog; path = Assets.xcassets; sourceTree = "<group>"; };
		72986D13241DFE58000AA6F5 /* Preview Assets.xcassets */ = {isa = PBXFileReference; lastKnownFileType = folder.assetcatalog; path = "Preview Assets.xcassets"; sourceTree = "<group>"; };
		72986D16241DFE58000AA6F5 /* Base */ = {isa = PBXFileReference; lastKnownFileType = file.storyboard; name = Base; path = Base.lproj/LaunchScreen.storyboard; sourceTree = "<group>"; };
		72986D18241DFE58000AA6F5 /* Info.plist */ = {isa = PBXFileReference; lastKnownFileType = text.plist.xml; path = Info.plist; sourceTree = "<group>"; };
		72986D1E241E0235000AA6F5 /* GreatView.swift */ = {isa = PBXFileReference; lastKnownFileType = sourcecode.swift; path = GreatView.swift; sourceTree = "<group>"; };
		72986D20241E0A0F000AA6F5 /* UltraView.swift */ = {isa = PBXFileReference; lastKnownFileType = sourcecode.swift; path = UltraView.swift; sourceTree = "<group>"; };
		72986D22241E0A8B000AA6F5 /* MasterView.swift */ = {isa = PBXFileReference; lastKnownFileType = sourcecode.swift; path = MasterView.swift; sourceTree = "<group>"; };
		72986D24241E12A1000AA6F5 /* BackgroundView.swift */ = {isa = PBXFileReference; lastKnownFileType = sourcecode.swift; path = BackgroundView.swift; sourceTree = "<group>"; };
		72986D26241E55C3000AA6F5 /* GreatDetail.swift */ = {isa = PBXFileReference; lastKnownFileType = sourcecode.swift; path = GreatDetail.swift; sourceTree = "<group>"; tabWidth = 4; usesTabs = 0; };
		72986D28241E5ABE000AA6F5 /* UltraDetail.swift */ = {isa = PBXFileReference; lastKnownFileType = sourcecode.swift; path = UltraDetail.swift; sourceTree = "<group>"; };
		72986D2A241E5AD8000AA6F5 /* MasterDetail.swift */ = {isa = PBXFileReference; lastKnownFileType = sourcecode.swift; path = MasterDetail.swift; sourceTree = "<group>"; };
		72B1DB5C24224EAF00BE0BED /* PokemonItem.swift */ = {isa = PBXFileReference; lastKnownFileType = sourcecode.swift; path = PokemonItem.swift; sourceTree = "<group>"; };
		72B1DB5E2422510D00BE0BED /* ItemRow.swift */ = {isa = PBXFileReference; lastKnownFileType = sourcecode.swift; path = ItemRow.swift; sourceTree = "<group>"; };
		72FD189B241FBA2E002C2080 /* AzumarillDetail.swift */ = {isa = PBXFileReference; lastKnownFileType = sourcecode.swift; path = AzumarillDetail.swift; sourceTree = "<group>"; tabWidth = 4; };
/* End PBXFileReference section */

/* Begin PBXFrameworksBuildPhase section */
		72986D04241DFE57000AA6F5 /* Frameworks */ = {
			isa = PBXFrameworksBuildPhase;
			buildActionMask = 2147483647;
			files = (
			);
			runOnlyForDeploymentPostprocessing = 0;
		};
/* End PBXFrameworksBuildPhase section */

/* Begin PBXGroup section */
		72986CFE241DFE57000AA6F5 = {
			isa = PBXGroup;
			children = (
				72B1DB5C24224EAF00BE0BED /* PokemonItem.swift */,
				72986D09241DFE57000AA6F5 /* Pokemon */,
				72986D08241DFE57000AA6F5 /* Products */,
			);
			sourceTree = "<group>";
		};
		72986D08241DFE57000AA6F5 /* Products */ = {
			isa = PBXGroup;
			children = (
				72986D07241DFE57000AA6F5 /* Pokemon.app */,
			);
			name = Products;
			sourceTree = "<group>";
		};
		72986D09241DFE57000AA6F5 /* Pokemon */ = {
			isa = PBXGroup;
			children = (
				72B1DB5E2422510D00BE0BED /* ItemRow.swift */,
				72986D0A241DFE57000AA6F5 /* AppDelegate.swift */,
				72986D0C241DFE57000AA6F5 /* SceneDelegate.swift */,
				72986D0E241DFE57000AA6F5 /* ContentView.swift */,
				72986D28241E5ABE000AA6F5 /* UltraDetail.swift */,
				720C092D24250B6C00A2F030 /* CresseliaDetail.swift */,
				720C092B24250B4500A2F030 /* SnorlaxDetail.swift */,
				720C092924250AF400A2F030 /* ClefableDetail.swift */,
				72986D2A241E5AD8000AA6F5 /* MasterDetail.swift */,
				720C093324250D7D00A2F030 /* SwampertDetail.swift */,
				720C093124250D6700A2F030 /* TogekissDetail.swift */,
				720C092F24250D5300A2F030 /* DialgaDetail.swift */,
				72986D26241E55C3000AA6F5 /* GreatDetail.swift */,
				72986D24241E12A1000AA6F5 /* BackgroundView.swift */,
				72986D1E241E0235000AA6F5 /* GreatView.swift */,
				72986D20241E0A0F000AA6F5 /* UltraView.swift */,
				72986D22241E0A8B000AA6F5 /* MasterView.swift */,
				72986D10241DFE58000AA6F5 /* Assets.xcassets */,
				72412D5E242109FF00EB8D35 /* WhiscashView.swift */,
				72FD189B241FBA2E002C2080 /* AzumarillDetail.swift */,
				72412D5C2421092B00EB8D35 /* AltariaView.swift */,
				72986D15241DFE58000AA6F5 /* LaunchScreen.storyboard */,
				72986D18241DFE58000AA6F5 /* Info.plist */,
				72986D12241DFE58000AA6F5 /* Preview Content */,
			);
			path = Pokemon;
			sourceTree = "<group>";
		};
		72986D12241DFE58000AA6F5 /* Preview Content */ = {
			isa = PBXGroup;
			children = (
				72986D13241DFE58000AA6F5 /* Preview Assets.xcassets */,
			);
			path = "Preview Content";
			sourceTree = "<group>";
		};
/* End PBXGroup section */

/* Begin PBXNativeTarget section */
		72986D06241DFE57000AA6F5 /* Pokemon */ = {
			isa = PBXNativeTarget;
			buildConfigurationList = 72986D1B241DFE58000AA6F5 /* Build configuration list for PBXNativeTarget "Pokemon" */;
			buildPhases = (
				72986D03241DFE57000AA6F5 /* Sources */,
				72986D04241DFE57000AA6F5 /* Frameworks */,
				72986D05241DFE57000AA6F5 /* Resources */,
			);
			buildRules = (
			);
			dependencies = (
			);
			name = Pokemon;
			productName = Pokemon;
			productReference = 72986D07241DFE57000AA6F5 /* Pokemon.app */;
			productType = "com.apple.product-type.application";
		};
/* End PBXNativeTarget section */

/* Begin PBXProject section */
		72986CFF241DFE57000AA6F5 /* Project object */ = {
			isa = PBXProject;
			attributes = {
				LastSwiftUpdateCheck = 1130;
				LastUpgradeCheck = 1130;
				ORGANIZATIONNAME = "郭冠杰";
				TargetAttributes = {
					72986D06241DFE57000AA6F5 = {
						CreatedOnToolsVersion = 11.3.1;
					};
				};
			};
			buildConfigurationList = 72986D02241DFE57000AA6F5 /* Build configuration list for PBXProject "Pokemon" */;
			compatibilityVersion = "Xcode 9.3";
			developmentRegion = en;
			hasScannedForEncodings = 0;
			knownRegions = (
				en,
				Base,
			);
			mainGroup = 72986CFE241DFE57000AA6F5;
			productRefGroup = 72986D08241DFE57000AA6F5 /* Products */;
			projectDirPath = "";
			projectRoot = "";
			targets = (
				72986D06241DFE57000AA6F5 /* Pokemon */,
			);
		};
/* End PBXProject section */

/* Begin PBXResourcesBuildPhase section */
		72986D05241DFE57000AA6F5 /* Resources */ = {
			isa = PBXResourcesBuildPhase;
			buildActionMask = 2147483647;
			files = (
				72986D17241DFE58000AA6F5 /* LaunchScreen.storyboard in Resources */,
				72986D14241DFE58000AA6F5 /* Preview Assets.xcassets in Resources */,
				72986D11241DFE58000AA6F5 /* Assets.xcassets in Resources */,
			);
			runOnlyForDeploymentPostprocessing = 0;
		};
/* End PBXResourcesBuildPhase section */

/* Begin PBXSourcesBuildPhase section */
		72986D03241DFE57000AA6F5 /* Sources */ = {
			isa = PBXSourcesBuildPhase;
			buildActionMask = 2147483647;
			files = (
				720C092A24250AF400A2F030 /* ClefableDetail.swift in Sources */,
				72986D29241E5ABE000AA6F5 /* UltraDetail.swift in Sources */,
				72986D23241E0A8B000AA6F5 /* MasterView.swift in Sources */,
				72986D1F241E0235000AA6F5 /* GreatView.swift in Sources */,
				720C092E24250B6C00A2F030 /* CresseliaDetail.swift in Sources */,
				72986D27241E55C3000AA6F5 /* GreatDetail.swift in Sources */,
				72986D0B241DFE57000AA6F5 /* AppDelegate.swift in Sources */,
				720C093224250D6700A2F030 /* TogekissDetail.swift in Sources */,
				720C092C24250B4500A2F030 /* SnorlaxDetail.swift in Sources */,
				72986D25241E12A1000AA6F5 /* BackgroundView.swift in Sources */,
				72B1DB5D24224EAF00BE0BED /* PokemonItem.swift in Sources */,
				72986D21241E0A0F000AA6F5 /* UltraView.swift in Sources */,
				72986D0D241DFE57000AA6F5 /* SceneDelegate.swift in Sources */,
				72986D2B241E5AD8000AA6F5 /* MasterDetail.swift in Sources */,
				720C093424250D7D00A2F030 /* SwampertDetail.swift in Sources */,
				72412D5D2421092B00EB8D35 /* AltariaView.swift in Sources */,
				72FD189C241FBA2E002C2080 /* AzumarillDetail.swift in Sources */,
				72B1DB5F2422510D00BE0BED /* ItemRow.swift in Sources */,
				72412D5F242109FF00EB8D35 /* WhiscashView.swift in Sources */,
				720C093024250D5300A2F030 /* DialgaDetail.swift in Sources */,
				72986D0F241DFE57000AA6F5 /* ContentView.swift in Sources */,
			);
			runOnlyForDeploymentPostprocessing = 0;
		};
/* End PBXSourcesBuildPhase section */

/* Begin PBXVariantGroup section */
		72986D15241DFE58000AA6F5 /* LaunchScreen.storyboard */ = {
			isa = PBXVariantGroup;
			children = (
				72986D16241DFE58000AA6F5 /* Base */,
			);
			name = LaunchScreen.storyboard;
			sourceTree = "<group>";
		};
/* End PBXVariantGroup section */

/* Begin XCBuildConfiguration section */
		72986D19241DFE58000AA6F5 /* Debug */ = {
			isa = XCBuildConfiguration;
			buildSettings = {
				ALWAYS_SEARCH_USER_PATHS = NO;
				CLANG_ANALYZER_NONNULL = YES;
				CLANG_ANALYZER_NUMBER_OBJECT_CONVERSION = YES_AGGRESSIVE;
				CLANG_CXX_LANGUAGE_STANDARD = "gnu++14";
				CLANG_CXX_LIBRARY = "libc++";
				CLANG_ENABLE_MODULES = YES;
				CLANG_ENABLE_OBJC_ARC = YES;
				CLANG_ENABLE_OBJC_WEAK = YES;
				CLANG_WARN_BLOCK_CAPTURE_AUTORELEASING = YES;
				CLANG_WARN_BOOL_CONVERSION = YES;
				CLANG_WARN_COMMA = YES;
				CLANG_WARN_CONSTANT_CONVERSION = YES;
				CLANG_WARN_DEPRECATED_OBJC_IMPLEMENTATIONS = YES;
				CLANG_WARN_DIRECT_OBJC_ISA_USAGE = YES_ERROR;
				CLANG_WARN_DOCUMENTATION_COMMENTS = YES;
				CLANG_WARN_EMPTY_BODY = YES;
				CLANG_WARN_ENUM_CONVERSION = YES;
				CLANG_WARN_INFINITE_RECURSION = YES;
				CLANG_WARN_INT_CONVERSION = YES;
				CLANG_WARN_NON_LITERAL_NULL_CONVERSION = YES;
				CLANG_WARN_OBJC_IMPLICIT_RETAIN_SELF = YES;
				CLANG_WARN_OBJC_LITERAL_CONVERSION = YES;
				CLANG_WARN_OBJC_ROOT_CLASS = YES_ERROR;
				CLANG_WARN_RANGE_LOOP_ANALYSIS = YES;
				CLANG_WARN_STRICT_PROTOTYPES = YES;
				CLANG_WARN_SUSPICIOUS_MOVE = YES;
				CLANG_WARN_UNGUARDED_AVAILABILITY = YES_AGGRESSIVE;
				CLANG_WARN_UNREACHABLE_CODE = YES;
				CLANG_WARN__DUPLICATE_METHOD_MATCH = YES;
				COPY_PHASE_STRIP = NO;
				DEBUG_INFORMATION_FORMAT = dwarf;
				ENABLE_STRICT_OBJC_MSGSEND = YES;
				ENABLE_TESTABILITY = YES;
				GCC_C_LANGUAGE_STANDARD = gnu11;
				GCC_DYNAMIC_NO_PIC = NO;
				GCC_NO_COMMON_BLOCKS = YES;
				GCC_OPTIMIZATION_LEVEL = 0;
				GCC_PREPROCESSOR_DEFINITIONS = (
					"DEBUG=1",
					"$(inherited)",
				);
				GCC_WARN_64_TO_32_BIT_CONVERSION = YES;
				GCC_WARN_ABOUT_RETURN_TYPE = YES_ERROR;
				GCC_WARN_UNDECLARED_SELECTOR = YES;
				GCC_WARN_UNINITIALIZED_AUTOS = YES_AGGRESSIVE;
				GCC_WARN_UNUSED_FUNCTION = YES;
				GCC_WARN_UNUSED_VARIABLE = YES;
				IPHONEOS_DEPLOYMENT_TARGET = 13.2;
				MTL_ENABLE_DEBUG_INFO = INCLUDE_SOURCE;
				MTL_FAST_MATH = YES;
				ONLY_ACTIVE_ARCH = YES;
				SDKROOT = iphoneos;
				SWIFT_ACTIVE_COMPILATION_CONDITIONS = DEBUG;
				SWIFT_OPTIMIZATION_LEVEL = "-Onone";
			};
			name = Debug;
		};
		72986D1A241DFE58000AA6F5 /* Release */ = {
			isa = XCBuildConfiguration;
			buildSettings = {
				ALWAYS_SEARCH_USER_PATHS = NO;
				CLANG_ANALYZER_NONNULL = YES;
				CLANG_ANALYZER_NUMBER_OBJECT_CONVERSION = YES_AGGRESSIVE;
				CLANG_CXX_LANGUAGE_STANDARD = "gnu++14";
				CLANG_CXX_LIBRARY = "libc++";
				CLANG_ENABLE_MODULES = YES;
				CLANG_ENABLE_OBJC_ARC = YES;
				CLANG_ENABLE_OBJC_WEAK = YES;
				CLANG_WARN_BLOCK_CAPTURE_AUTORELEASING = YES;
				CLANG_WARN_BOOL_CONVERSION = YES;
				CLANG_WARN_COMMA = YES;
				CLANG_WARN_CONSTANT_CONVERSION = YES;
				CLANG_WARN_DEPRECATED_OBJC_IMPLEMENTATIONS = YES;
				CLANG_WARN_DIRECT_OBJC_ISA_USAGE = YES_ERROR;
				CLANG_WARN_DOCUMENTATION_COMMENTS = YES;
				CLANG_WARN_EMPTY_BODY = YES;
				CLANG_WARN_ENUM_CONVERSION = YES;
				CLANG_WARN_INFINITE_RECURSION = YES;
				CLANG_WARN_INT_CONVERSION = YES;
				CLANG_WARN_NON_LITERAL_NULL_CONVERSION = YES;
				CLANG_WARN_OBJC_IMPLICIT_RETAIN_SELF = YES;
				CLANG_WARN_OBJC_LITERAL_CONVERSION = YES;
				CLANG_WARN_OBJC_ROOT_CLASS = YES_ERROR;
				CLANG_WARN_RANGE_LOOP_ANALYSIS = YES;
				CLANG_WARN_STRICT_PROTOTYPES = YES;
				CLANG_WARN_SUSPICIOUS_MOVE = YES;
				CLANG_WARN_UNGUARDED_AVAILABILITY = YES_AGGRESSIVE;
				CLANG_WARN_UNREACHABLE_CODE = YES;
				CLANG_WARN__DUPLICATE_METHOD_MATCH = YES;
				COPY_PHASE_STRIP = NO;
				DEBUG_INFORMATION_FORMAT = "dwarf-with-dsym";
				ENABLE_NS_ASSERTIONS = NO;
				ENABLE_STRICT_OBJC_MSGSEND = YES;
				GCC_C_LANGUAGE_STANDARD = gnu11;
				GCC_NO_COMMON_BLOCKS = YES;
				GCC_WARN_64_TO_32_BIT_CONVERSION = YES;
				GCC_WARN_ABOUT_RETURN_TYPE = YES_ERROR;
				GCC_WARN_UNDECLARED_SELECTOR = YES;
				GCC_WARN_UNINITIALIZED_AUTOS = YES_AGGRESSIVE;
				GCC_WARN_UNUSED_FUNCTION = YES;
				GCC_WARN_UNUSED_VARIABLE = YES;
				IPHONEOS_DEPLOYMENT_TARGET = 13.2;
				MTL_ENABLE_DEBUG_INFO = NO;
				MTL_FAST_MATH = YES;
				SDKROOT = iphoneos;
				SWIFT_COMPILATION_MODE = wholemodule;
				SWIFT_OPTIMIZATION_LEVEL = "-O";
				VALIDATE_PRODUCT = YES;
			};
			name = Release;
		};
		72986D1C241DFE58000AA6F5 /* Debug */ = {
			isa = XCBuildConfiguration;
			buildSettings = {
				ASSETCATALOG_COMPILER_APPICON_NAME = AppIcon;
				CODE_SIGN_STYLE = Automatic;
				DEVELOPMENT_ASSET_PATHS = "\"Pokemon/Preview Content\"";
				DEVELOPMENT_TEAM = 8P9976NDF8;
				ENABLE_PREVIEWS = YES;
				INFOPLIST_FILE = Pokemon/Info.plist;
				LD_RUNPATH_SEARCH_PATHS = (
					"$(inherited)",
					"@executable_path/Frameworks",
				);
				PRODUCT_BUNDLE_IDENTIFIER = com.peter.PokemonGo2020;
				PRODUCT_NAME = "$(TARGET_NAME)";
				SWIFT_VERSION = 5.0;
				TARGETED_DEVICE_FAMILY = "1,2";
			};
			name = Debug;
		};
		72986D1D241DFE58000AA6F5 /* Release */ = {
			isa = XCBuildConfiguration;
			buildSettings = {
				ASSETCATALOG_COMPILER_APPICON_NAME = AppIcon;
				CODE_SIGN_STYLE = Automatic;
				DEVELOPMENT_ASSET_PATHS = "\"Pokemon/Preview Content\"";
				DEVELOPMENT_TEAM = 8P9976NDF8;
				ENABLE_PREVIEWS = YES;
				INFOPLIST_FILE = Pokemon/Info.plist;
				LD_RUNPATH_SEARCH_PATHS = (
					"$(inherited)",
					"@executable_path/Frameworks",
				);
				PRODUCT_BUNDLE_IDENTIFIER = com.peter.PokemonGo2020;
				PRODUCT_NAME = "$(TARGET_NAME)";
				SWIFT_VERSION = 5.0;
				TARGETED_DEVICE_FAMILY = "1,2";
			};
			name = Release;
		};
/* End XCBuildConfiguration section */

/* Begin XCConfigurationList section */
		72986D02241DFE57000AA6F5 /* Build configuration list for PBXProject "Pokemon" */ = {
			isa = XCConfigurationList;
			buildConfigurations = (
				72986D19241DFE58000AA6F5 /* Debug */,
				72986D1A241DFE58000AA6F5 /* Release */,
			);
			defaultConfigurationIsVisible = 0;
			defaultConfigurationName = Release;
		};
		72986D1B241DFE58000AA6F5 /* Build configuration list for PBXNativeTarget "Pokemon" */ = {
			isa = XCConfigurationList;
			buildConfigurations = (
				72986D1C241DFE58000AA6F5 /* Debug */,
				72986D1D241DFE58000AA6F5 /* Release */,
			);
			defaultConfigurationIsVisible = 0;
			defaultConfigurationName = Release;
		};
/* End XCConfigurationList section */
	};
	rootObject = 72986CFF241DFE57000AA6F5 /* Project object */;
}
